
Microsoft Visual Studio Solution File, Format Version 12.00
# Visual Studio Version 17
VisualStudioVersion = 17.1.32421.90
MinimumVisualStudioVersion = 10.0.40219.1
Project("{8BC9CEB8-8B4A-11D0-8D11-00A0C91BC942}") = "mapbuilder-core", "mapbuilder-core.vcxproj", "{B91977EB-4DA1-4F2F-962E-3F5E5EA724CD}"
EndProject
Project("{8BC9CEB8-8B4A-11D0-8D11-00A0C91BC942}") = "mapbuilder-runtime", "..\mapbuilder-runtime\mapbuilder-runtime.vcxproj", "{FBBEC973-5FEB-47E6-A666-129379143A13}"
EndProject
Global
	GlobalSection(SolutionConfigurationPlatforms) = preSolution
		Debug|x64 = Debug|x64
		Release|x64 = Release|x64
	EndGlobalSection
	GlobalSection(ProjectConfigurationPlatforms) = postSolution
		{B91977EB-4DA1-4F2F-962E-3F5E5EA724CD}.Debug|x64.ActiveCfg = Debug|x64
		{B91977EB-4DA1-4F2F-962E-3F5E5EA724CD}.Debug|x64.Build.0 = Debug|x64
		{B91977EB-4DA1-4F2F-962E-3F5E5EA724CD}.Release|x64.ActiveCfg = Release|x64
		{B91977EB-4DA1-4F2F-962E-3F5E5EA724CD}.Release|x64.Build.0 = Release|x64
		{FBBEC973-5FEB-47E6-A666-129379143A13}.Debug|x64.ActiveCfg = Debug|x64
		{FBBEC973-5FEB-47E6-A666-129379143A13}.Debug|x64.Build.0 = Debug|x64
		{FBBEC973-5FEB-47E6-A666-129379143A13}.Release|x64.ActiveCfg = Release|x64
		{FBBEC973-5FEB-47E6-A666-129379143A13}.Release|x64.Build.0 = Release|x64
	EndGlobalSection
	GlobalSection(SolutionProperties) = preSolution
		HideSolutionNode = FALSE
	EndGlobalSection
	GlobalSection(ExtensibilityGlobals) = postSolution
		SolutionGuid = {4FD8D516-5448-4224-8AEB-A0B733F0CF76}
	EndGlobalSection
EndGlobal
